{
    "_meta": {
        "hash": {
            "sha256": "d1770e050ee8f186459b846d478570545743da69832155b1ac48b9fcedf00f1e"
        },
        "requires": {},
        "sources": [
            {
                "url": "https://pypi.python.org/simple",
                "verify_ssl": true
            }
        ]
    },
    "default": {
        "colorama": {
            "hash": "sha256:463f8483208e921368c9f306094eb6f725c6ca42b0f97e313cb5d5512459feda",
            "version": "==0.3.9"
        },
        "flake8": {
            "hash": "sha256:83905eadba99f73fbfe966598aaf1682b3eb6755d2263c5b33a4e8367d60b0d1",
            "version": "==3.3.0"
        },
        "flake8-polyfill": {
            "hash": "sha256:da3d14a829cb1ec6377b2065e3f3892cf64b81a24ad15bbdf003c7bfee01723f",
            "version": "==1.0.1"
        },
        "mando": {
            "hash": "sha256:ef1e10b7004b84c41cb272516640f1d387fcd1e16ba48fb96d6a6eba131faef3",
            "version": "==0.3.3"
        },
        "mccabe": {
            "hash": "sha256:ab8a6258860da4b6677da4bd2fe5dc2c659cff31b3ee4f7f5d64e79735b80d42",
            "version": "==0.6.1"
        },
        "pycodestyle": {
            "hash": "sha256:6c4245ade1edfad79c3446fadfc96b0de2759662dc29d07d80a6f27ad1ca6ba9",
            "version": "==2.3.1"
        },
        "pyflakes": {
            "hash": "sha256:cc5eadfb38041f8366128786b4ca12700ed05bbf1403d808e89d57d67a3875a7",
            "version": "==1.5.0"
        }
    },
    "develop": {
        "appdirs": {
            "hash": "sha256:d8b24664561d0d34ddfaec54636d502d7cea6e29c3eaf68f3df6180863e2166e",
            "version": "==1.4.3"
        },
        "coverage": {
            "hash": "sha256:248783c221af8961278ea706b585586f92c61a024109acde675487632b775971",
            "version": "==4.4"
        },
        "mock": {
            "hash": "sha256:5ce3c71c5545b472da17b72268978914d0252980348636840bd34a00b5cc96c1",
            "version": "==2.0.0"
        },
        "packaging": {
            "hash": "sha256:99276dc6e3a7851f32027a68f1095cd3f77c148091b092ea867a351811cfe388",
            "version": "==16.8"
        },
        "pbr": {
            "hash": "sha256:86f0e548dfbdc1ad12559725a66b5e1ca0b2e0744940da1ec89991fd11a2b32b",
            "version": "==3.0.0"
        },
        "pluggy": {
            "hash": "sha256:d2766caddfbbc8ef641d47da556d2ae3056860ce4d553aa04009e42b76a09951",
            "version": "==0.4.0"
        },
        "py": {
            "hash": "sha256:81b5e37db3cc1052de438375605fb5d3b3e97f950f415f9143f04697c684d7eb",
            "version": "==1.4.33"
        },
        "pyparsing": {
            "hash": "sha256:fee43f17a9c4087e7ed1605bd6df994c6173c1e977d7ade7b651292fab2bd010",
            "version": "==2.2.0"
        },
        "pytest": {
            "hash": "sha256:66f332ae62593b874a648b10a8cb106bfdacd2c6288ed7dec3713c3a808a6017",
            "version": "==3.0.7"
        },
        "pytest-mock": {
            "hash": "sha256:29bf62c12a67dc0e7f6d02efa2404f0b4d068b38cd64f22a06c8a16cb545a03e",
            "version": "==1.6.0"
        },
        "setuptools": {
            "hash": "sha256:19d753940f8cdbee7548da318f8b56159aead279ef811a6efc8b8a33d89c86a4",
            "version": "==35.0.2"
        },
        "six": {
            "hash": "sha256:0ff78c403d9bccf5a425a6d31a12aa6b47f1c21ca4dc2573a7e2f32a97335eb1",
            "version": "==1.10.0"
        },
        "tox": {
            "hash": "sha256:0f37ea637ead4a5bbae91531b0bf8fd327c7152e20255e5960ee180598228d21",
            "version": "==2.7.0"
        },
        "virtualenv": {
            "hash": "sha256:39d88b533b422825d644087a21e78c45cf5af0ef7a99a1fc9fbb7b481e5c85b0",
            "version": "==15.1.0"
        }
    }
}