{
    "_meta": {
        "sources": [
            {
                "url": "https://pypi.python.org/simple",
                "verify_ssl": true
            }
        ],
        "requires": {},
        "hash": {
            "sha256": "81e8c5bc13a429f45e2a0359781a46b75e5871adf3c98b4363e13b316fa6904e"
        }
    },
    "default": {
        "mando": {
            "hash": "sha256:ef1e10b7004b84c41cb272516640f1d387fcd1e16ba48fb96d6a6eba131faef3",
            "version": "==0.3.3"
        },
        "colorama": {
            "hash": "sha256:a4c0f5bc358a62849653471e309dcc991223cf86abafbec17cd8f41327279e89",
            "version": "==0.3.7"
        },
        "flake8_polyfill": {
            "hash": "sha256:da3d14a829cb1ec6377b2065e3f3892cf64b81a24ad15bbdf003c7bfee01723f",
            "version": "==1.0.1"
        },
        "pyflakes": {
            "hash": "sha256:ad89dafee8ca32282116209a0ca4dff050bdc343af958721d5517d242c1215d5",
            "version": "==1.3.0"
        },
        "flake8": {
            "hash": "sha256:dc9eed7667489b73b56b1714aa51f580601db364b61e1833908e931c6de47a65",
            "version": "==3.2.1"
        },
        "mccabe": {
            "hash": "sha256:f9b58bf366c1506dcd6117b33e5c4874746f0de859c9c7cab8b516cb6be1d22e",
            "version": "==0.5.3"
        },
        "pycodestyle": {
            "hash": "sha256:60c4e1c36f301ac539a550a29e9d16862069ec240472d86e5e71c4fc645829cb",
            "version": "==2.2.0"
        }
    },
    "develop": {
        "tox": {
            "hash": "sha256:d4dabc39c7d7248f4e8353fde7a40d2dc50a11a2329b41da90e4327c28a72ed0",
            "version": "==2.5.0"
        },
        "pytest": {
            "hash": "sha256:da0ab50c7eec0683bc24f1c1137db1f4111752054ecdad63125e7ec71316b813",
            "version": "==3.0.6"
        },
        "coverage": {
            "hash": "sha256:2f5a8bf29bdc69976d0913745daab11f8265e46ec41153f5e1e1794088019dad",
            "version": "==4.3.4"
        },
        "mock": {
            "hash": "sha256:5ce3c71c5545b472da17b72268978914d0252980348636840bd34a00b5cc96c1",
            "version": "==2.0.0"
        },
        "py": {
            "hash": "sha256:2d4bba2e25fff58140e6bdce1e485e89bb59776adbe01d490baa6b1f37a3dd6b",
            "version": "==1.4.32"
        },
        "pyparsing": {
            "hash": "sha256:67101d7acee692962f33dd30b5dce079ff532dd9aa99ff48d52a3dad51d2fe84",
            "version": "==2.1.10"
        },
        "pbr": {
            "hash": "sha256:f5cf7265a80636ecff66806d13494cbf9d77a3758a65fd8b4d4d4bee81b0c375",
            "version": "==1.10.0"
        },
        "pluggy": {
            "hash": "sha256:d2766caddfbbc8ef641d47da556d2ae3056860ce4d553aa04009e42b76a09951",
            "version": "==0.4.0"
        },
        "appdirs": {
            "hash": "sha256:85e58578db8f29538f3109c11250c2a5514a2fcdc9890d9b2fe777eb55517736",
            "version": "==1.4.0"
        },
        "packaging": {
            "hash": "sha256:99276dc6e3a7851f32027a68f1095cd3f77c148091b092ea867a351811cfe388",
            "version": "==16.8"
        },
        "virtualenv": {
            "hash": "sha256:39d88b533b422825d644087a21e78c45cf5af0ef7a99a1fc9fbb7b481e5c85b0",
            "version": "==15.1.0"
        },
        "setuptools": {
            "hash": "sha256:f9ac44de8b36a13ce35d2989052a295a548c9fe5a161fb066dff53592200aa12",
            "version": "==34.0.2"
        },
        "six": {
            "hash": "sha256:0ff78c403d9bccf5a425a6d31a12aa6b47f1c21ca4dc2573a7e2f32a97335eb1",
            "version": "==1.10.0"
        }
    }
}